// !$*UTF8*$!
{
	archiveVersion = 1;
	classes = {
	};
	objectVersion = 51;
	objects = {

/* Begin PBXBuildFile section */
		1C391E6F23E7445B00647FF4 /* AppDelegate.swift in Sources */ = {isa = PBXBuildFile; fileRef = 1C391E6E23E7445B00647FF4 /* AppDelegate.swift */; };
		1C391E7123E7445B00647FF4 /* SceneDelegate.swift in Sources */ = {isa = PBXBuildFile; fileRef = 1C391E7023E7445B00647FF4 /* SceneDelegate.swift */; };
		1C391E7623E7445B00647FF4 /* Main.storyboard in Resources */ = {isa = PBXBuildFile; fileRef = 1C391E7423E7445B00647FF4 /* Main.storyboard */; };
		1C391E7923E7445B00647FF4 /* travelApp.xcdatamodeld in Sources */ = {isa = PBXBuildFile; fileRef = 1C391E7723E7445B00647FF4 /* travelApp.xcdatamodeld */; };
		1C391E7B23E7446300647FF4 /* Assets.xcassets in Resources */ = {isa = PBXBuildFile; fileRef = 1C391E7A23E7446300647FF4 /* Assets.xcassets */; };
		1C391E7E23E7446300647FF4 /* LaunchScreen.storyboard in Resources */ = {isa = PBXBuildFile; fileRef = 1C391E7C23E7446300647FF4 /* LaunchScreen.storyboard */; };
		1C391E8623E751BB00647FF4 /* SignInViewController.swift in Sources */ = {isa = PBXBuildFile; fileRef = 1C391E8523E751BB00647FF4 /* SignInViewController.swift */; };
		1C4FC2B8241EEEEB00FD19A0 /* AddPlaceViewController.swift in Sources */ = {isa = PBXBuildFile; fileRef = 1C4FC2B7241EEEEA00FD19A0 /* AddPlaceViewController.swift */; };
		1C4FC2BA2421751000FD19A0 /* PlaceControllerStates.swift in Sources */ = {isa = PBXBuildFile; fileRef = 1C4FC2B92421751000FD19A0 /* PlaceControllerStates.swift */; };
		1C77E790240DA4BC00D13BAC /* TripCollectionViewCell.swift in Sources */ = {isa = PBXBuildFile; fileRef = 1C77E78E240DA4BC00D13BAC /* TripCollectionViewCell.swift */; };
		1C77E793240ED49800D13BAC /* AddTripViewController.swift in Sources */ = {isa = PBXBuildFile; fileRef = 1C77E792240ED49700D13BAC /* AddTripViewController.swift */; };
		1C77E7952410F9B300D13BAC /* TripViewController.swift in Sources */ = {isa = PBXBuildFile; fileRef = 1C77E7942410F9B300D13BAC /* TripViewController.swift */; };
		1C77E797241111F400D13BAC /* MenuCollectionViewCell.swift in Sources */ = {isa = PBXBuildFile; fileRef = 1C77E796241111F400D13BAC /* MenuCollectionViewCell.swift */; };
		1C77E799241112D600D13BAC /* HeaderCollectionReusableView.swift in Sources */ = {isa = PBXBuildFile; fileRef = 1C77E798241112D600D13BAC /* HeaderCollectionReusableView.swift */; };
		1C77E79B2411149A00D13BAC /* Place.swift in Sources */ = {isa = PBXBuildFile; fileRef = 1C77E79A2411149A00D13BAC /* Place.swift */; };
		1C7F51BA241E803600D32DF6 /* ShowAllPlacesViewController.swift in Sources */ = {isa = PBXBuildFile; fileRef = 1C7F51B9241E803600D32DF6 /* ShowAllPlacesViewController.swift */; };
		1C7F51BC241EB4BD00D32DF6 /* PlaceTableViewCell.swift in Sources */ = {isa = PBXBuildFile; fileRef = 1C7F51BB241EB4BD00D32DF6 /* PlaceTableViewCell.swift */; };
		1C9142DD24252DC4001546DF /* GoodsViewController.swift in Sources */ = {isa = PBXBuildFile; fileRef = 1C9142DC24252DC4001546DF /* GoodsViewController.swift */; };
		1C9142DF24258FB1001546DF /* GoodsTableViewCell.swift in Sources */ = {isa = PBXBuildFile; fileRef = 1C9142DE24258FB1001546DF /* GoodsTableViewCell.swift */; };
		1C9142E12426067C001546DF /* Good.swift in Sources */ = {isa = PBXBuildFile; fileRef = 1C9142E02426067C001546DF /* Good.swift */; };
		1CA190872406E45500800346 /* Constants.swift in Sources */ = {isa = PBXBuildFile; fileRef = 1CA190862406E45500800346 /* Constants.swift */; };
		1CA1909824094FFB00800346 /* Trip.swift in Sources */ = {isa = PBXBuildFile; fileRef = 1CA1909724094FFB00800346 /* Trip.swift */; };
		1CD0283823F06CD900B000F8 /* HomeViewController.swift in Sources */ = {isa = PBXBuildFile; fileRef = 1CD0283723F06CD900B000F8 /* HomeViewController.swift */; };
		1CD206CA2426995E004229EE /* AddGoodViewController.swift in Sources */ = {isa = PBXBuildFile; fileRef = 1CD206C92426995E004229EE /* AddGoodViewController.swift */; };
		6E12790239F6D47EA95D63B9 /* Pods_travelApp.framework in Frameworks */ = {isa = PBXBuildFile; fileRef = 4C55C4B39C1427D75CDFAA2F /* Pods_travelApp.framework */; };
/* End PBXBuildFile section */

/* Begin PBXFileReference section */
		1C391E6B23E7445B00647FF4 /* travelApp.app */ = {isa = PBXFileReference; explicitFileType = wrapper.application; includeInIndex = 0; path = travelApp.app; sourceTree = BUILT_PRODUCTS_DIR; };
		1C391E6E23E7445B00647FF4 /* AppDelegate.swift */ = {isa = PBXFileReference; lastKnownFileType = sourcecode.swift; path = AppDelegate.swift; sourceTree = "<group>"; };
		1C391E7023E7445B00647FF4 /* SceneDelegate.swift */ = {isa = PBXFileReference; lastKnownFileType = sourcecode.swift; path = SceneDelegate.swift; sourceTree = "<group>"; };
		1C391E7523E7445B00647FF4 /* Base */ = {isa = PBXFileReference; lastKnownFileType = file.storyboard; name = Base; path = Base.lproj/Main.storyboard; sourceTree = "<group>"; };
		1C391E7823E7445B00647FF4 /* travelApp.xcdatamodel */ = {isa = PBXFileReference; lastKnownFileType = wrapper.xcdatamodel; path = travelApp.xcdatamodel; sourceTree = "<group>"; };
		1C391E7A23E7446300647FF4 /* Assets.xcassets */ = {isa = PBXFileReference; lastKnownFileType = folder.assetcatalog; path = Assets.xcassets; sourceTree = "<group>"; };
		1C391E7D23E7446300647FF4 /* Base */ = {isa = PBXFileReference; lastKnownFileType = file.storyboard; name = Base; path = Base.lproj/LaunchScreen.storyboard; sourceTree = "<group>"; };
		1C391E7F23E7446300647FF4 /* Info.plist */ = {isa = PBXFileReference; lastKnownFileType = text.plist.xml; path = Info.plist; sourceTree = "<group>"; };
		1C391E8523E751BB00647FF4 /* SignInViewController.swift */ = {isa = PBXFileReference; lastKnownFileType = sourcecode.swift; path = SignInViewController.swift; sourceTree = "<group>"; };
		1C4FC2B7241EEEEA00FD19A0 /* AddPlaceViewController.swift */ = {isa = PBXFileReference; lastKnownFileType = sourcecode.swift; path = AddPlaceViewController.swift; sourceTree = "<group>"; };
		1C4FC2B92421751000FD19A0 /* PlaceControllerStates.swift */ = {isa = PBXFileReference; lastKnownFileType = sourcecode.swift; path = PlaceControllerStates.swift; sourceTree = "<group>"; };
		1C77E78E240DA4BC00D13BAC /* TripCollectionViewCell.swift */ = {isa = PBXFileReference; lastKnownFileType = sourcecode.swift; path = TripCollectionViewCell.swift; sourceTree = "<group>"; };
		1C77E792240ED49700D13BAC /* AddTripViewController.swift */ = {isa = PBXFileReference; lastKnownFileType = sourcecode.swift; path = AddTripViewController.swift; sourceTree = "<group>"; };
		1C77E7942410F9B300D13BAC /* TripViewController.swift */ = {isa = PBXFileReference; lastKnownFileType = sourcecode.swift; path = TripViewController.swift; sourceTree = "<group>"; };
		1C77E796241111F400D13BAC /* MenuCollectionViewCell.swift */ = {isa = PBXFileReference; lastKnownFileType = sourcecode.swift; path = MenuCollectionViewCell.swift; sourceTree = "<group>"; };
		1C77E798241112D600D13BAC /* HeaderCollectionReusableView.swift */ = {isa = PBXFileReference; lastKnownFileType = sourcecode.swift; path = HeaderCollectionReusableView.swift; sourceTree = "<group>"; };
		1C77E79A2411149A00D13BAC /* Place.swift */ = {isa = PBXFileReference; lastKnownFileType = sourcecode.swift; path = Place.swift; sourceTree = "<group>"; };
		1C7F51B9241E803600D32DF6 /* ShowAllPlacesViewController.swift */ = {isa = PBXFileReference; lastKnownFileType = sourcecode.swift; path = ShowAllPlacesViewController.swift; sourceTree = "<group>"; };
		1C7F51BB241EB4BD00D32DF6 /* PlaceTableViewCell.swift */ = {isa = PBXFileReference; lastKnownFileType = sourcecode.swift; path = PlaceTableViewCell.swift; sourceTree = "<group>"; };
		1C9142DC24252DC4001546DF /* GoodsViewController.swift */ = {isa = PBXFileReference; lastKnownFileType = sourcecode.swift; path = GoodsViewController.swift; sourceTree = "<group>"; };
		1C9142DE24258FB1001546DF /* GoodsTableViewCell.swift */ = {isa = PBXFileReference; lastKnownFileType = sourcecode.swift; path = GoodsTableViewCell.swift; sourceTree = "<group>"; };
		1C9142E02426067C001546DF /* Good.swift */ = {isa = PBXFileReference; lastKnownFileType = sourcecode.swift; path = Good.swift; sourceTree = "<group>"; };
		1CA190862406E45500800346 /* Constants.swift */ = {isa = PBXFileReference; lastKnownFileType = sourcecode.swift; path = Constants.swift; sourceTree = "<group>"; };
		1CA1909724094FFB00800346 /* Trip.swift */ = {isa = PBXFileReference; lastKnownFileType = sourcecode.swift; path = Trip.swift; sourceTree = "<group>"; };
		1CD0283723F06CD900B000F8 /* HomeViewController.swift */ = {isa = PBXFileReference; lastKnownFileType = sourcecode.swift; path = HomeViewController.swift; sourceTree = "<group>"; };
		1CD206C92426995E004229EE /* AddGoodViewController.swift */ = {isa = PBXFileReference; lastKnownFileType = sourcecode.swift; name = AddGoodViewController.swift; path = /Users/neabra/Documents/TravelApp/travelApp/travelApp/AddGoodViewController.swift; sourceTree = "<absolute>"; };
		25CC9DD89075F421926049E7 /* Pods-travelApp.debug.xcconfig */ = {isa = PBXFileReference; includeInIndex = 1; lastKnownFileType = text.xcconfig; name = "Pods-travelApp.debug.xcconfig"; path = "Target Support Files/Pods-travelApp/Pods-travelApp.debug.xcconfig"; sourceTree = "<group>"; };
		4C55C4B39C1427D75CDFAA2F /* Pods_travelApp.framework */ = {isa = PBXFileReference; explicitFileType = wrapper.framework; includeInIndex = 0; path = Pods_travelApp.framework; sourceTree = BUILT_PRODUCTS_DIR; };
		E49D63EE6D758C2FB861FE8E /* Pods-travelApp.release.xcconfig */ = {isa = PBXFileReference; includeInIndex = 1; lastKnownFileType = text.xcconfig; name = "Pods-travelApp.release.xcconfig"; path = "Target Support Files/Pods-travelApp/Pods-travelApp.release.xcconfig"; sourceTree = "<group>"; };
/* End PBXFileReference section */

/* Begin PBXFrameworksBuildPhase section */
		1C391E6823E7445B00647FF4 /* Frameworks */ = {
			isa = PBXFrameworksBuildPhase;
			buildActionMask = 2147483647;
			files = (
				6E12790239F6D47EA95D63B9 /* Pods_travelApp.framework in Frameworks */,
			);
			runOnlyForDeploymentPostprocessing = 0;
		};
/* End PBXFrameworksBuildPhase section */

/* Begin PBXGroup section */
		1C391E6223E7445B00647FF4 = {
			isa = PBXGroup;
			children = (
				1C391E6D23E7445B00647FF4 /* travelApp */,
				1C391E6C23E7445B00647FF4 /* Products */,
				55536F0E24EC62B8D6252A01 /* Pods */,
				99CCD6B70C523E61E0B5BB1D /* Frameworks */,
			);
			sourceTree = "<group>";
		};
		1C391E6C23E7445B00647FF4 /* Products */ = {
			isa = PBXGroup;
			children = (
				1C391E6B23E7445B00647FF4 /* travelApp.app */,
			);
			name = Products;
			sourceTree = "<group>";
		};
		1C391E6D23E7445B00647FF4 /* travelApp */ = {
			isa = PBXGroup;
			children = (
				1C391E6E23E7445B00647FF4 /* AppDelegate.swift */,
				1C391E7023E7445B00647FF4 /* SceneDelegate.swift */,
				1C391E7423E7445B00647FF4 /* Main.storyboard */,
				1C9142DE24258FB1001546DF /* GoodsTableViewCell.swift */,
				1C4FC2B92421751000FD19A0 /* PlaceControllerStates.swift */,
				1C7F51BB241EB4BD00D32DF6 /* PlaceTableViewCell.swift */,
				1C77E798241112D600D13BAC /* HeaderCollectionReusableView.swift */,
				1C77E796241111F400D13BAC /* MenuCollectionViewCell.swift */,
				1C77E78E240DA4BC00D13BAC /* TripCollectionViewCell.swift */,
				1C391E8523E751BB00647FF4 /* SignInViewController.swift */,
				1CD0283723F06CD900B000F8 /* HomeViewController.swift */,
				1C77E7942410F9B300D13BAC /* TripViewController.swift */,
				1C7F51B9241E803600D32DF6 /* ShowAllPlacesViewController.swift */,
				1C9142DC24252DC4001546DF /* GoodsViewController.swift */,
				1C77E792240ED49700D13BAC /* AddTripViewController.swift */,
				1C4FC2B7241EEEEA00FD19A0 /* AddPlaceViewController.swift */,
				1CD206C92426995E004229EE /* AddGoodViewController.swift */,
				1C391E7A23E7446300647FF4 /* Assets.xcassets */,
				1C391E7C23E7446300647FF4 /* LaunchScreen.storyboard */,
				1C391E7F23E7446300647FF4 /* Info.plist */,
				1C391E7723E7445B00647FF4 /* travelApp.xcdatamodeld */,
				1C9142E02426067C001546DF /* Good.swift */,
				1C77E79A2411149A00D13BAC /* Place.swift */,
				1CA1909724094FFB00800346 /* Trip.swift */,
				1CA190862406E45500800346 /* Constants.swift */,
			);
			path = travelApp;
			sourceTree = "<group>";
		};
		55536F0E24EC62B8D6252A01 /* Pods */ = {
			isa = PBXGroup;
			children = (
				25CC9DD89075F421926049E7 /* Pods-travelApp.debug.xcconfig */,
				E49D63EE6D758C2FB861FE8E /* Pods-travelApp.release.xcconfig */,
			);
			path = Pods;
			sourceTree = "<group>";
		};
		99CCD6B70C523E61E0B5BB1D /* Frameworks */ = {
			isa = PBXGroup;
			children = (
				4C55C4B39C1427D75CDFAA2F /* Pods_travelApp.framework */,
			);
			name = Frameworks;
			sourceTree = "<group>";
		};
/* End PBXGroup section */

/* Begin PBXNativeTarget section */
		1C391E6A23E7445B00647FF4 /* travelApp */ = {
			isa = PBXNativeTarget;
			buildConfigurationList = 1C391E8223E7446300647FF4 /* Build configuration list for PBXNativeTarget "travelApp" */;
			buildPhases = (
				C3B037561E8BC17283CE4763 /* [CP] Check Pods Manifest.lock */,
				1C391E6723E7445B00647FF4 /* Sources */,
				1C391E6823E7445B00647FF4 /* Frameworks */,
				1C391E6923E7445B00647FF4 /* Resources */,
				B82814E351639EECF8A3DC45 /* [CP] Embed Pods Frameworks */,
			);
			buildRules = (
			);
			dependencies = (
			);
			name = travelApp;
			productName = travelApp;
			productReference = 1C391E6B23E7445B00647FF4 /* travelApp.app */;
			productType = "com.apple.product-type.application";
		};
/* End PBXNativeTarget section */

/* Begin PBXProject section */
		1C391E6323E7445B00647FF4 /* Project object */ = {
			isa = PBXProject;
			attributes = {
				LastSwiftUpdateCheck = 1120;
				LastUpgradeCheck = 1120;
				ORGANIZATIONNAME = "Fedor Korshikov";
				TargetAttributes = {
					1C391E6A23E7445B00647FF4 = {
						CreatedOnToolsVersion = 11.2.1;
					};
				};
			};
			buildConfigurationList = 1C391E6623E7445B00647FF4 /* Build configuration list for PBXProject "travelApp" */;
			compatibilityVersion = "Xcode 9.3";
			developmentRegion = en;
			hasScannedForEncodings = 0;
			knownRegions = (
				en,
				Base,
			);
			mainGroup = 1C391E6223E7445B00647FF4;
			productRefGroup = 1C391E6C23E7445B00647FF4 /* Products */;
			projectDirPath = "";
			projectRoot = "";
			targets = (
				1C391E6A23E7445B00647FF4 /* travelApp */,
			);
		};
/* End PBXProject section */

/* Begin PBXResourcesBuildPhase section */
		1C391E6923E7445B00647FF4 /* Resources */ = {
			isa = PBXResourcesBuildPhase;
			buildActionMask = 2147483647;
			files = (
				1C391E7E23E7446300647FF4 /* LaunchScreen.storyboard in Resources */,
				1C391E7B23E7446300647FF4 /* Assets.xcassets in Resources */,
				1C391E7623E7445B00647FF4 /* Main.storyboard in Resources */,
			);
			runOnlyForDeploymentPostprocessing = 0;
		};
/* End PBXResourcesBuildPhase section */

/* Begin PBXShellScriptBuildPhase section */
		B82814E351639EECF8A3DC45 /* [CP] Embed Pods Frameworks */ = {
			isa = PBXShellScriptBuildPhase;
			buildActionMask = 2147483647;
			files = (
			);
			inputFileListPaths = (
				"${PODS_ROOT}/Target Support Files/Pods-travelApp/Pods-travelApp-frameworks-${CONFIGURATION}-input-files.xcfilelist",
			);
			name = "[CP] Embed Pods Frameworks";
			outputFileListPaths = (
				"${PODS_ROOT}/Target Support Files/Pods-travelApp/Pods-travelApp-frameworks-${CONFIGURATION}-output-files.xcfilelist",
			);
			runOnlyForDeploymentPostprocessing = 0;
			shellPath = /bin/sh;
			shellScript = "\"${PODS_ROOT}/Target Support Files/Pods-travelApp/Pods-travelApp-frameworks.sh\"\n";
			showEnvVarsInLog = 0;
		};
		C3B037561E8BC17283CE4763 /* [CP] Check Pods Manifest.lock */ = {
			isa = PBXShellScriptBuildPhase;
			buildActionMask = 2147483647;
			files = (
			);
			inputFileListPaths = (
			);
			inputPaths = (
				"${PODS_PODFILE_DIR_PATH}/Podfile.lock",
				"${PODS_ROOT}/Manifest.lock",
			);
			name = "[CP] Check Pods Manifest.lock";
			outputFileListPaths = (
			);
			outputPaths = (
				"$(DERIVED_FILE_DIR)/Pods-travelApp-checkManifestLockResult.txt",
			);
			runOnlyForDeploymentPostprocessing = 0;
			shellPath = /bin/sh;
			shellScript = "diff \"${PODS_PODFILE_DIR_PATH}/Podfile.lock\" \"${PODS_ROOT}/Manifest.lock\" > /dev/null\nif [ $? != 0 ] ; then\n    # print error to STDERR\n    echo \"error: The sandbox is not in sync with the Podfile.lock. Run 'pod install' or update your CocoaPods installation.\" >&2\n    exit 1\nfi\n# This output is used by Xcode 'outputs' to avoid re-running this script phase.\necho \"SUCCESS\" > \"${SCRIPT_OUTPUT_FILE_0}\"\n";
			showEnvVarsInLog = 0;
		};
/* End PBXShellScriptBuildPhase section */

/* Begin PBXSourcesBuildPhase section */
		1C391E6723E7445B00647FF4 /* Sources */ = {
			isa = PBXSourcesBuildPhase;
			buildActionMask = 2147483647;
			files = (
				1CD0283823F06CD900B000F8 /* HomeViewController.swift in Sources */,
				1C77E7952410F9B300D13BAC /* TripViewController.swift in Sources */,
				1C9142E12426067C001546DF /* Good.swift in Sources */,
				1C391E7923E7445B00647FF4 /* travelApp.xcdatamodeld in Sources */,
				1CD206CA2426995E004229EE /* AddGoodViewController.swift in Sources */,
				1C391E6F23E7445B00647FF4 /* AppDelegate.swift in Sources */,
				1C4FC2B8241EEEEB00FD19A0 /* AddPlaceViewController.swift in Sources */,
				1C77E799241112D600D13BAC /* HeaderCollectionReusableView.swift in Sources */,
				1C391E8623E751BB00647FF4 /* SignInViewController.swift in Sources */,
				1CA1909824094FFB00800346 /* Trip.swift in Sources */,
				1C9142DF24258FB1001546DF /* GoodsTableViewCell.swift in Sources */,
				1C77E793240ED49800D13BAC /* AddTripViewController.swift in Sources */,
				1C77E797241111F400D13BAC /* MenuCollectionViewCell.swift in Sources */,
				1C4FC2BA2421751000FD19A0 /* PlaceControllerStates.swift in Sources */,
				1C9142DD24252DC4001546DF /* GoodsViewController.swift in Sources */,
				1CA190872406E45500800346 /* Constants.swift in Sources */,
				1C391E7123E7445B00647FF4 /* SceneDelegate.swift in Sources */,
				1C77E790240DA4BC00D13BAC /* TripCollectionViewCell.swift in Sources */,
				1C77E79B2411149A00D13BAC /* Place.swift in Sources */,
				1C7F51BA241E803600D32DF6 /* ShowAllPlacesViewController.swift in Sources */,
				1C7F51BC241EB4BD00D32DF6 /* PlaceTableViewCell.swift in Sources */,
			);
			runOnlyForDeploymentPostprocessing = 0;
		};
/* End PBXSourcesBuildPhase section */

/* Begin PBXVariantGroup section */
		1C391E7423E7445B00647FF4 /* Main.storyboard */ = {
			isa = PBXVariantGroup;
			children = (
				1C391E7523E7445B00647FF4 /* Base */,
			);
			name = Main.storyboard;
			sourceTree = "<group>";
		};
		1C391E7C23E7446300647FF4 /* LaunchScreen.storyboard */ = {
			isa = PBXVariantGroup;
			children = (
				1C391E7D23E7446300647FF4 /* Base */,
			);
			name = LaunchScreen.storyboard;
			sourceTree = "<group>";
		};
/* End PBXVariantGroup section */

/* Begin XCBuildConfiguration section */
		1C391E8023E7446300647FF4 /* Debug */ = {
			isa = XCBuildConfiguration;
			buildSettings = {
				ALWAYS_SEARCH_USER_PATHS = NO;
				CLANG_ANALYZER_NONNULL = YES;
				CLANG_ANALYZER_NUMBER_OBJECT_CONVERSION = YES_AGGRESSIVE;
				CLANG_CXX_LANGUAGE_STANDARD = "gnu++14";
				CLANG_CXX_LIBRARY = "libc++";
				CLANG_ENABLE_MODULES = YES;
				CLANG_ENABLE_OBJC_ARC = YES;
				CLANG_ENABLE_OBJC_WEAK = YES;
				CLANG_WARN_BLOCK_CAPTURE_AUTORELEASING = YES;
				CLANG_WARN_BOOL_CONVERSION = YES;
				CLANG_WARN_COMMA = YES;
				CLANG_WARN_CONSTANT_CONVERSION = YES;
				CLANG_WARN_DEPRECATED_OBJC_IMPLEMENTATIONS = YES;
				CLANG_WARN_DIRECT_OBJC_ISA_USAGE = YES_ERROR;
				CLANG_WARN_DOCUMENTATION_COMMENTS = YES;
				CLANG_WARN_EMPTY_BODY = YES;
				CLANG_WARN_ENUM_CONVERSION = YES;
				CLANG_WARN_INFINITE_RECURSION = YES;
				CLANG_WARN_INT_CONVERSION = YES;
				CLANG_WARN_NON_LITERAL_NULL_CONVERSION = YES;
				CLANG_WARN_OBJC_IMPLICIT_RETAIN_SELF = YES;
				CLANG_WARN_OBJC_LITERAL_CONVERSION = YES;
				CLANG_WARN_OBJC_ROOT_CLASS = YES_ERROR;
				CLANG_WARN_RANGE_LOOP_ANALYSIS = YES;
				CLANG_WARN_STRICT_PROTOTYPES = YES;
				CLANG_WARN_SUSPICIOUS_MOVE = YES;
				CLANG_WARN_UNGUARDED_AVAILABILITY = YES_AGGRESSIVE;
				CLANG_WARN_UNREACHABLE_CODE = YES;
				CLANG_WARN__DUPLICATE_METHOD_MATCH = YES;
				COPY_PHASE_STRIP = NO;
				DEBUG_INFORMATION_FORMAT = dwarf;
				ENABLE_STRICT_OBJC_MSGSEND = YES;
				ENABLE_TESTABILITY = YES;
				GCC_C_LANGUAGE_STANDARD = gnu11;
				GCC_DYNAMIC_NO_PIC = NO;
				GCC_NO_COMMON_BLOCKS = YES;
				GCC_OPTIMIZATION_LEVEL = 0;
				GCC_PREPROCESSOR_DEFINITIONS = (
					"DEBUG=1",
					"$(inherited)",
				);
				GCC_WARN_64_TO_32_BIT_CONVERSION = YES;
				GCC_WARN_ABOUT_RETURN_TYPE = YES_ERROR;
				GCC_WARN_UNDECLARED_SELECTOR = YES;
				GCC_WARN_UNINITIALIZED_AUTOS = YES_AGGRESSIVE;
				GCC_WARN_UNUSED_FUNCTION = YES;
				GCC_WARN_UNUSED_VARIABLE = YES;
				IPHONEOS_DEPLOYMENT_TARGET = 13.2;
				MTL_ENABLE_DEBUG_INFO = INCLUDE_SOURCE;
				MTL_FAST_MATH = YES;
				ONLY_ACTIVE_ARCH = YES;
				SDKROOT = iphoneos;
				SWIFT_ACTIVE_COMPILATION_CONDITIONS = DEBUG;
				SWIFT_OPTIMIZATION_LEVEL = "-Onone";
			};
			name = Debug;
		};
		1C391E8123E7446300647FF4 /* Release */ = {
			isa = XCBuildConfiguration;
			buildSettings = {
				ALWAYS_SEARCH_USER_PATHS = NO;
				CLANG_ANALYZER_NONNULL = YES;
				CLANG_ANALYZER_NUMBER_OBJECT_CONVERSION = YES_AGGRESSIVE;
				CLANG_CXX_LANGUAGE_STANDARD = "gnu++14";
				CLANG_CXX_LIBRARY = "libc++";
				CLANG_ENABLE_MODULES = YES;
				CLANG_ENABLE_OBJC_ARC = YES;
				CLANG_ENABLE_OBJC_WEAK = YES;
				CLANG_WARN_BLOCK_CAPTURE_AUTORELEASING = YES;
				CLANG_WARN_BOOL_CONVERSION = YES;
				CLANG_WARN_COMMA = YES;
				CLANG_WARN_CONSTANT_CONVERSION = YES;
				CLANG_WARN_DEPRECATED_OBJC_IMPLEMENTATIONS = YES;
				CLANG_WARN_DIRECT_OBJC_ISA_USAGE = YES_ERROR;
				CLANG_WARN_DOCUMENTATION_COMMENTS = YES;
				CLANG_WARN_EMPTY_BODY = YES;
				CLANG_WARN_ENUM_CONVERSION = YES;
				CLANG_WARN_INFINITE_RECURSION = YES;
				CLANG_WARN_INT_CONVERSION = YES;
				CLANG_WARN_NON_LITERAL_NULL_CONVERSION = YES;
				CLANG_WARN_OBJC_IMPLICIT_RETAIN_SELF = YES;
				CLANG_WARN_OBJC_LITERAL_CONVERSION = YES;
				CLANG_WARN_OBJC_ROOT_CLASS = YES_ERROR;
				CLANG_WARN_RANGE_LOOP_ANALYSIS = YES;
				CLANG_WARN_STRICT_PROTOTYPES = YES;
				CLANG_WARN_SUSPICIOUS_MOVE = YES;
				CLANG_WARN_UNGUARDED_AVAILABILITY = YES_AGGRESSIVE;
				CLANG_WARN_UNREACHABLE_CODE = YES;
				CLANG_WARN__DUPLICATE_METHOD_MATCH = YES;
				COPY_PHASE_STRIP = NO;
				DEBUG_INFORMATION_FORMAT = "dwarf-with-dsym";
				ENABLE_NS_ASSERTIONS = NO;
				ENABLE_STRICT_OBJC_MSGSEND = YES;
				GCC_C_LANGUAGE_STANDARD = gnu11;
				GCC_NO_COMMON_BLOCKS = YES;
				GCC_WARN_64_TO_32_BIT_CONVERSION = YES;
				GCC_WARN_ABOUT_RETURN_TYPE = YES_ERROR;
				GCC_WARN_UNDECLARED_SELECTOR = YES;
				GCC_WARN_UNINITIALIZED_AUTOS = YES_AGGRESSIVE;
				GCC_WARN_UNUSED_FUNCTION = YES;
				GCC_WARN_UNUSED_VARIABLE = YES;
				IPHONEOS_DEPLOYMENT_TARGET = 13.2;
				MTL_ENABLE_DEBUG_INFO = NO;
				MTL_FAST_MATH = YES;
				SDKROOT = iphoneos;
				SWIFT_COMPILATION_MODE = wholemodule;
				SWIFT_OPTIMIZATION_LEVEL = "-O";
				VALIDATE_PRODUCT = YES;
			};
			name = Release;
		};
		1C391E8323E7446300647FF4 /* Debug */ = {
			isa = XCBuildConfiguration;
			baseConfigurationReference = 25CC9DD89075F421926049E7 /* Pods-travelApp.debug.xcconfig */;
			buildSettings = {
				ASSETCATALOG_COMPILER_APPICON_NAME = AppIcon;
				CODE_SIGN_STYLE = Automatic;
				DEVELOPMENT_TEAM = 6N526BN743;
				INFOPLIST_FILE = travelApp/Info.plist;
				IPHONEOS_DEPLOYMENT_TARGET = 13.2;
				LD_RUNPATH_SEARCH_PATHS = (
					"$(inherited)",
					"@executable_path/Frameworks",
				);
				PRODUCT_BUNDLE_IDENTIFIER = fedor.travelApp;
				PRODUCT_NAME = "$(TARGET_NAME)";
				SWIFT_VERSION = 5.0;
				TARGETED_DEVICE_FAMILY = 1;
			};
			name = Debug;
		};
		1C391E8423E7446300647FF4 /* Release */ = {
			isa = XCBuildConfiguration;
			baseConfigurationReference = E49D63EE6D758C2FB861FE8E /* Pods-travelApp.release.xcconfig */;
			buildSettings = {
				ASSETCATALOG_COMPILER_APPICON_NAME = AppIcon;
				CODE_SIGN_STYLE = Automatic;
				DEVELOPMENT_TEAM = 6N526BN743;
				INFOPLIST_FILE = travelApp/Info.plist;
				IPHONEOS_DEPLOYMENT_TARGET = 13.2;
				LD_RUNPATH_SEARCH_PATHS = (
					"$(inherited)",
					"@executable_path/Frameworks",
				);
				PRODUCT_BUNDLE_IDENTIFIER = fedor.travelApp;
				PRODUCT_NAME = "$(TARGET_NAME)";
				SWIFT_VERSION = 5.0;
				TARGETED_DEVICE_FAMILY = 1;
			};
			name = Release;
		};
/* End XCBuildConfiguration section */

/* Begin XCConfigurationList section */
		1C391E6623E7445B00647FF4 /* Build configuration list for PBXProject "travelApp" */ = {
			isa = XCConfigurationList;
			buildConfigurations = (
				1C391E8023E7446300647FF4 /* Debug */,
				1C391E8123E7446300647FF4 /* Release */,
			);
			defaultConfigurationIsVisible = 0;
			defaultConfigurationName = Release;
		};
		1C391E8223E7446300647FF4 /* Build configuration list for PBXNativeTarget "travelApp" */ = {
			isa = XCConfigurationList;
			buildConfigurations = (
				1C391E8323E7446300647FF4 /* Debug */,
				1C391E8423E7446300647FF4 /* Release */,
			);
			defaultConfigurationIsVisible = 0;
			defaultConfigurationName = Release;
		};
/* End XCConfigurationList section */

/* Begin XCVersionGroup section */
		1C391E7723E7445B00647FF4 /* travelApp.xcdatamodeld */ = {
			isa = XCVersionGroup;
			children = (
				1C391E7823E7445B00647FF4 /* travelApp.xcdatamodel */,
			);
			currentVersion = 1C391E7823E7445B00647FF4 /* travelApp.xcdatamodel */;
			path = travelApp.xcdatamodeld;
			sourceTree = "<group>";
			versionGroupType = wrapper.xcdatamodel;
		};
/* End XCVersionGroup section */
	};
	rootObject = 1C391E6323E7445B00647FF4 /* Project object */;
}
